{
  "lockfileVersion": 1,
  "configVersion": 1,
  "workspaces": {
    "": {
      "name": "ani-altstore-source",
      "dependencies": {
        "bplist-parser": "^0.5.0",
        "fflate": "^0.8.3",
        "listr2": "^11.1.1",
        "plist": "^5.0.0",
        "semver": "^7.8.5",
      },
      "devDependencies": {
        "@biomejs/biome": "2.5.15",
        "@maxchang/biome-config": "^0.1.8",
        "@types/bun": "latest",
        "@types/plist": "^3.0.5",
        "@types/semver": "^7.8.0",
        "lint-staged": "^17.6.0",
        "simple-git-hooks": "^2.14.0",
        "typescript": "^7.0.2",
      },
    },
  },
  "packages": {
    "@biomejs/biome": ["@biomejs/biome@2.5.15", "", { "optionalDependencies": { "@biomejs/cli-darwin-arm64": "2.5.15", "@biomejs/cli-darwin-x64": "2.5.15", "@biomejs/cli-linux-arm64": "2.5.15", "@biomejs/cli-linux-arm64-musl": "2.5.15", "@biomejs/cli-linux-x64": "2.5.15", "@biomejs/cli-linux-x64-musl": "2.5.15", "@biomejs/cli-win32-arm64": "2.5.15", "@biomejs/cli-win32-x64": "2.5.15" }, "bin": { "biome": "bin/biome" } }, "sha512-WZTW4slm/pdkh92K6t/3aEN++44JD1PQ7squ7RCMLI1flHGl43DVOIGXvCjHiZgBMO1V4uYxoFNtqrIA4qGuIQ=="],

    "@biomejs/cli-darwin-arm64": ["@biomejs/cli-darwin-arm64@2.5.15", "", { "os": "darwin", "cpu": "arm64" }, "sha512-BZVzFhJ/mUvTLMYbc9x6el0o2Uv5zP7bACYyhFb6fSc1giroXm7PL0a5KqMJ9F+/BnkYRjagD/ROSDVOZ6eapg=="],

    "@biomejs/cli-darwin-x64": ["@biomejs/cli-darwin-x64@2.5.15", "", { "os": "darwin", "cpu": "x64" }, "sha512-V5Kw63V+fVGNFhFrizDxMbGXAzZCh8kYzJpy3GI6gTapWDg7bZK9oYC9CbVgQSEdTnupz0U5Efz8Ev+5vdBBXw=="],

    "@biomejs/cli-linux-arm64": ["@biomejs/cli-linux-arm64@2.5.15", "", { "os": "linux", "cpu": "arm64" }, "sha512-XaG7P7eeSLYETD3K9grfB0mQmpLQZjygdbsxekWBJAg4am79fGAtRpfRyNnTvXB2fZFNnJZG3nXm7HBat0+VUw=="],

    "@biomejs/cli-linux-arm64-musl": ["@biomejs/cli-linux-arm64-musl@2.5.15", "", { "os": "linux", "cpu": "arm64" }, "sha512-tGzZUTcJCV7tj5Adh/Gn6nR4MycqA3iohq2LEcrarAgRBkU0h0OKd2UzCRkOsOYOuUGaUJb4YmqRqyy2feGGSw=="],

    "@biomejs/cli-linux-x64": ["@biomejs/cli-linux-x64@2.5.15", "", { "os": "linux", "cpu": "x64" }, "sha512-xE4iEW/3LqlYj9GFgGrFsFSH51dEEpUbYWBfeOv0q87WkUDxK2o/HhreSb7qMJqck70RVM6Lg96hgedcAYcOkA=="],

    "@biomejs/cli-linux-x64-musl": ["@biomejs/cli-linux-x64-musl@2.5.15", "", { "os": "linux", "cpu": "x64" }, "sha512-IlxUcyxilVGPsE008x13pWdkTbU3nQpP2i9b5UrbOYj6goBkKsRX1XB7yJLcV+O1H9LBchIIm4adOaVLZBX0ZQ=="],

    "@biomejs/cli-win32-arm64": ["@biomejs/cli-win32-arm64@2.5.15", "", { "os": "win32", "cpu": "arm64" }, "sha512-2kPKzhNlm8C+Ru3GcO0Me2ODkCBLrVOUNuyi84RJyWDVKAA4+Kjj3jMjL938lF6BRfvltC4vB2nPY9SvN51Ovg=="],

    "@biomejs/cli-win32-x64": ["@biomejs/cli-win32-x64@2.5.15", "", { "os": "win32", "cpu": "x64" }, "sha512-yAzh4UqEImV6Hcy0zjUqNfJAsUhoD64FBQCdTG8Md/Z2wQeVP/ZmJ3XRYAs1g8J9fjTFyl2fCtc5FB5til47+g=="],

    "@maxchang/biome-config": ["@maxchang/biome-config@0.1.8", "", { "peerDependencies": { "@biomejs/biome": "^2.4.2" } }, "sha512-rBDG/La48U4WYqK9RbmiQlkkVAnf/m8lzqigglTtiaotPAcIg3rbevXTI+0gjY3cW29gOpjr1jDlGNfxL3XRmA=="],

    "@types/bun": ["@types/bun@1.4.2", "", { "dependencies": { "bun-types": "1.4.2" } }, "sha512-GimotNn7+ZV0uVArItBbriZsR1oNf0+WTzPkdcFrzShI7k2norL0uzEaJT8T33dWr7O/c9ZDuAFQrctKCi72oQ=="],

    "@types/node": ["@types/node@22.19.10", "", { "dependencies": { "undici-types": "~6.21.0" } }, "sha512-tF5VOugLS/EuDlTBijk0MqABfP8UxgYazTLo3uIn3b4yJgg26QRbVYJYsDtHrjdDUIRfP70+VfhTTc+CE1yskw=="],

    "@types/plist": ["@types/plist@3.0.5", "", { "dependencies": { "@types/node": "*", "xmlbuilder": ">=11.0.1" } }, "sha512-E6OCaRmAe4WDmWNsL/9RMqdkkzDCY1etutkflWk4c+AcjDU07Pcz1fQwTX0TQz+Pxqn9i4L1TU3UFpjnrcDgxA=="],

    "@types/semver": ["@types/semver@7.8.0", "", {}, "sha512-1mAINjtQCXXeLkJ9ehXkwOcBpqtLxiVtKhpUf83DdRNdQKV0iXZpaHYqRr7nj+wvxuJzoAmAwXI+sCNMv1CzLQ=="],

    "@typescript/typescript-aix-ppc64": ["@typescript/typescript-aix-ppc64@7.0.2", "", { "os": "aix", "cpu": "ppc64" }, "sha512-MTKKkWB7p/0E9xi1d1tHtZ5PiLkGEMIq88pK2CubZjOsLtYTLqhgIgi6zepFa+9GHZ6h05NMCkQxGKiPXMxXtQ=="],

    "@typescript/typescript-darwin-arm64": ["@typescript/typescript-darwin-arm64@7.0.2", "", { "os": "darwin", "cpu": "arm64" }, "sha512-gowzar9MwS/aRWp6f3a4KUqzRjAZjOsmGNCM6LcTgXum+dBfgsBVMN+AgvOCCbguXyick6LJhpBszxMebJ8syA=="],

    "@typescript/typescript-darwin-x64": ["@typescript/typescript-darwin-x64@7.0.2", "", { "os": "darwin", "cpu": "x64" }, "sha512-SZ9xZInqApNlNGc9s0W1VSsktYSOe9cFqNOIqmN1Gs8SmkjKZYFt017G4VwPxASInODuAdbTW7sXiFUf893RgA=="],

    "@typescript/typescript-freebsd-arm64": ["@typescript/typescript-freebsd-arm64@7.0.2", "", { "os": "freebsd", "cpu": "arm64" }, "sha512-W5NH4y/J0plIIS5b2xvTEkU7JFxyqdMAOgf+Ilhl0vHQXKO5dZoxd+C/jEtq56c4F3wk71RB4BMRQ2XdI+bwYQ=="],

    "@typescript/typescript-freebsd-x64": ["@typescript/typescript-freebsd-x64@7.0.2", "", { "os": "freebsd", "cpu": "x64" }, "sha512-UMGDx5sTpzNw3WiPebH7l90IWfJggEd+egHt/q6p7/Cm3zqoV7VxkGXt+3DxPIw8CcmvAB0j3sVVfbhX+M4Tpw=="],

    "@typescript/typescript-linux-arm": ["@typescript/typescript-linux-arm@7.0.2", "", { "os": "linux", "cpu": "arm" }, "sha512-gffT3xPz9sR7j/YJExkyPntrI0P2EP9XbOyWzth2/Gs0RstK+90RBcO0ncXoXy/beYll1SXw846Nf2zdnEz0QQ=="],

    "@typescript/typescript-linux-arm64": ["@typescript/typescript-linux-arm64@7.0.2", "", { "os": "linux", "cpu": "arm64" }, "sha512-Qh4eU4/y3yDjnfjjyPYihMj5/ODIlmt+Bzu17OI+fiSRDW57QmU5SiN63exPRNJPKUzcc1INa1NXdrJ+MqHjUQ=="],

    "@typescript/typescript-linux-loong64": ["@typescript/typescript-linux-loong64@7.0.2", "", { "os": "linux", "cpu": "none" }, "sha512-uEHck9i8hoAzXPiYRib1O7miOnz23SxIeVl6F4LXox+qov1K35jHcEW6VHKvZI+pyvl7fZEP4MCU5LYvIq1GuQ=="],

    "@typescript/typescript-linux-mips64el": ["@typescript/typescript-linux-mips64el@7.0.2", "", { "os": "linux", "cpu": "none" }, "sha512-R4KvAMnE43W5Qeqb0Ly56O3mWMWIAgsMyz36DCaycd5nbg/9kzm0liw3JocfRqyJY0KPmzFjbswozXyW0DnIYA=="],

    "@typescript/typescript-linux-ppc64": ["@typescript/typescript-linux-ppc64@7.0.2", "", { "os": "linux", "cpu": "ppc64" }, "sha512-DORx5b3sd/4S7eayxm4FQv+A7CrkUIGRaHiwI8oiHTAI1fAPWhF4J0vAlkC8biAlHSVVwxMQ3tjZ2/DVbnQiiA=="],

    "@typescript/typescript-linux-riscv64": ["@typescript/typescript-linux-riscv64@7.0.2", "", { "os": "linux", "cpu": "none" }, "sha512-wf0jqEDOjrPRnKwYRyyJDRo11KMbvMFrU+q4zqKyChODBzvlkbhNQfKvLxQCcwTpdDaXSHZTVuh0JoCrKCUMHQ=="],

    "@typescript/typescript-linux-s390x": ["@typescript/typescript-linux-s390x@7.0.2", "", { "os": "linux", "cpu": "s390x" }, "sha512-IkwJc3L7yhytWd/ewjyxNDfOmswCm9GWMJT/ue/dU4aZNbwZeYAetq42VyLmsmSjvoX7z74X6ZaYCtzAr0EuGw=="],

    "@typescript/typescript-linux-x64": ["@typescript/typescript-linux-x64@7.0.2", "", { "os": "linux", "cpu": "x64" }, "sha512-EYdf2cNg7rgCWJnxCdJ+F3V39O8ihb37eHAu1LK8oAFizgTQbPOK7zHHXbPt8rX24COqODXeI3sIf0fCXG7H/A=="],

    "@typescript/typescript-netbsd-arm64": ["@typescript/typescript-netbsd-arm64@7.0.2", "", { "os": "none", "cpu": "arm64" }, "sha512-+polYF4MF04aPpO5FTkHran9yUQDSXqy5GiSDKpsll5jy3l3+g9QLhpf39T+ePtefhXLOGrLl0QIjkQP6VnelA=="],

    "@typescript/typescript-netbsd-x64": ["@typescript/typescript-netbsd-x64@7.0.2", "", { "os": "none", "cpu": "x64" }, "sha512-8YIT0EHM/3dq10ZOVF/A7pc/YSMtbcecct4rWtexrnSCHOPcpC2KTLXfTCR6vDpnSiY12heNb1GiN/wu+T/FyA=="],

    "@typescript/typescript-openbsd-arm64": ["@typescript/typescript-openbsd-arm64@7.0.2", "", { "os": "openbsd", "cpu": "arm64" }, "sha512-APT8+ClYnuYm1u9+kgGXoMj2VzWzcymwh2gNSQVySHfkRDGOTVkoWLjCmOQSaO+PoqQ57B0flRp9SA+7GnnkzQ=="],

    "@typescript/typescript-openbsd-x64": ["@typescript/typescript-openbsd-x64@7.0.2", "", { "os": "openbsd", "cpu": "x64" }, "sha512-yX7s+Q0Dln0Dt9tEzZsAjXXR/+ytBM7AlglaqyeMPxQszJ1JhlJdZ6jLA+IzldHtflX81em7lDao1xXu+aRRkg=="],

    "@typescript/typescript-sunos-x64": ["@typescript/typescript-sunos-x64@7.0.2", "", { "os": "sunos", "cpu": "x64" }, "sha512-dLJDGaLZ1D4HPQn62u1n8mBDkJREwMsAkCdkwd4Ieqw+x3TUyTsqY0YiBCtE6H6OzzgGk3iuZ3vFWRS+E8/d1g=="],

    "@typescript/typescript-win32-arm64": ["@typescript/typescript-win32-arm64@7.0.2", "", { "os": "win32", "cpu": "arm64" }, "sha512-Gyl1Vy6OsWesLzmq+EP0Fb7b4Nid5232AvcA2SFcdYreldpNtYFFofPjnt62y9hQy7VTaZp65ICJjuAQRaVcIQ=="],

    "@typescript/typescript-win32-x64": ["@typescript/typescript-win32-x64@7.0.2", "", { "os": "win32", "cpu": "x64" }, "sha512-0BQ3HkAHHlKLSp1qRvf3SUhGpGsDuhB/jgFw75guyqbxJqEaS0Cw/VFO8i2nHglJUzQCRtMMR/IBAKE3ETMC4g=="],

    "@xmldom/xmldom": ["@xmldom/xmldom@0.9.12", "", {}, "sha512-5AXjrcMClTryPe9LgZrygpB1lj7s0S9E0+W+AHaVKAVyHanafK86iPSvG5xHVSp/jC+VH1UXu0TAEmY279xH7A=="],

    "ansi-escapes": ["ansi-escapes@7.3.0", "", { "dependencies": { "environment": "^1.0.0" } }, "sha512-BvU8nYgGQBxcmMuEeUEmNTvrMVjJNSH7RgW24vXexN4Ven6qCvy4TntnvlnwnMLTVlcRQQdbRY8NKnaIoeWDNg=="],

    "ansi-regex": ["ansi-regex@6.2.2", "", {}, "sha512-Bq3SmSpyFHaWjPk8If9yc6svM8c56dB5BAtW4Qbw5jHTwwXXcTLoRMkpDJp6VL0XzlWaCHTXrkFURMYmD0sLqg=="],

    "ansi-styles": ["ansi-styles@6.2.3", "", {}, "sha512-4Dj6M28JB+oAH8kFkTLUo+a2jwOFkuqb3yucU0CANcRRUbxS0cP0nZYCGjcc3BNXwRIsUVmDGgzawme7zvJHvg=="],

    "bplist-parser": ["bplist-parser@0.5.0", "", {}, "sha512-owgQ0RGbndIGNrQkpHe99HVSslIK59t31nVyAPDRqhq9mNDc2kRl5HwYO292GuKjHqiJRdJNiaI63a02hjLFIQ=="],

    "bun-types": ["bun-types@1.4.2", "", { "dependencies": { "@types/node": "*" } }, "sha512-bxV1FgK7yBIzjRe5zBozIM4Bem11ZJcCXSrjWRG3YWLt8yFDePu4cLjpebO8OvPeIE9trbyPF4fuj3Cia4Fj3w=="],

    "cli-cursor": ["cli-cursor@5.0.0", "", { "dependencies": { "restore-cursor": "^5.0.0" } }, "sha512-aCj4O5wKyszjMmDT4tZj93kxyydN/K5zPWSCe6/0AV/AA1pqe5ZBIw0a2ZfPQV7lL5/yb5HsUreJ6UFAF1tEQw=="],

    "cli-truncate": ["cli-truncate@6.1.1", "", { "dependencies": { "slice-ansi": "^9.0.0", "string-width": "^8.2.0" } }, "sha512-06p9vyLahLa4zkGcgsGxU6iEkSOiuI4fhCH6Emhe2lPAcoUv73n72DnODsnHA+5wwXGnV0n9M9/qOQJSjYhFhw=="],

    "environment": ["environment@1.1.0", "", {}, "sha512-xUtoPkMggbz0MPyPiIWr1Kp4aeWJjDZ6SMvURhimjdZgsRuDplF5/s9hcgGhyXMhs+6vpnuoiZ2kFiu3FMnS8Q=="],

    "fflate": ["fflate@0.8.3", "", {}, "sha512-tbZNuJrLwGUp3zshBtdy4W+ORxZuIh8a5ilyIEQDC5rY1f3U20JMry0Ll3WBzU58EZKsEuJFXhb5gwv8CsPvgA=="],

    "get-east-asian-width": ["get-east-asian-width@1.5.0", "", {}, "sha512-CQ+bEO+Tva/qlmw24dCejulK5pMzVnUOFOijVogd3KQs07HnRIgp8TGipvCCRT06xeYEbpbgwaCxglFyiuIcmA=="],

    "is-fullwidth-code-point": ["is-fullwidth-code-point@5.1.0", "", { "dependencies": { "get-east-asian-width": "^1.3.1" } }, "sha512-5XHYaSyiqADb4RnZ1Bdad6cPp8Toise4TzEjcOYDHZkTCbKgiUl7WTUCpNWHuxmDt91wnsZBc9xinNzopv3JMQ=="],

    "lint-staged": ["lint-staged@17.6.0", "", { "dependencies": { "picomatch": "^4.0.7", "string-argv": "^0.3.2", "tinyexec": "^1.3.1" }, "optionalDependencies": { "yaml": "^2.9.1" }, "bin": { "lint-staged": "bin/lint-staged.js" } }, "sha512-nOhBfYkZEwkFtNzD5pK9s9LkcWoxJ+whLzEnhqi9nl7zTB5n7tg8+9iYgMGx2Wm3VlLu8cbNj0RACzY+nWi5iQ=="],

    "listr2": ["listr2@11.1.1", "", { "dependencies": { "cli-truncate": "^6.1.1", "log-update": "^8.0.0", "wrap-ansi": "^10.0.2" } }, "sha512-zArGFXg2/nhA1vYBz789VpwzMQQXkGZiRxeguxFCsDrg4S+LOR22v4oQlSdTN7dR14XgOW+pW33UfvKf+i8nrQ=="],

    "log-update": ["log-update@8.0.0", "", { "dependencies": { "ansi-escapes": "^7.3.0", "cli-cursor": "^5.0.0", "slice-ansi": "^9.0.0", "string-width": "^8.2.0", "strip-ansi": "^7.2.0", "wrap-ansi": "^10.0.0" } }, "sha512-lddSgOt3bPASrylL54ZSpy8nBHns+vBVSoILlVOx+dei300pnLRN958rj/EdlVLKuWlSESU3qdnDZdAI7FXYGg=="],

    "mimic-function": ["mimic-function@5.0.1", "", {}, "sha512-VP79XUPxV2CigYP3jWwAUFSku2aKqBH7uTAapFWCBqutsbmDo96KY5o8uh6U+/YSIn5OxJnXp73beVkpqMIGhA=="],

    "onetime": ["onetime@7.0.0", "", { "dependencies": { "mimic-function": "^5.0.0" } }, "sha512-VXJjc87FScF88uafS3JllDgvAm+c/Slfz06lorj2uAY34rlUu0Nt+v8wreiImcrgAjjIHp1rXpTDlLOGw29WwQ=="],

    "picomatch": ["picomatch@4.0.7", "", {}, "sha512-qcJu88Q2IWqJsDD529JKMdwGm/dvInW4HvQnRwiH9JtihJvzGOscDtHE3x1pBKeUOTysQ8kVmLnJ2kJu7yhcGA=="],

    "plist": ["plist@5.0.0", "", { "dependencies": { "@xmldom/xmldom": "^0.9.10", "xmlbuilder": "^15.1.1" } }, "sha512-20N+g1DvMm/DFRbsvER7tT4wDryq0WunK7VMkDaiJcKNapAnUMkTsAnacFYf8n420F4Hf6/hefgmJRkMb1M0fg=="],

    "restore-cursor": ["restore-cursor@5.1.0", "", { "dependencies": { "onetime": "^7.0.0", "signal-exit": "^4.1.0" } }, "sha512-oMA2dcrw6u0YfxJQXm342bFKX/E4sG9rbTzO9ptUcR/e8A33cHuvStiYOwH7fszkZlZ1z/ta9AAoPk2F4qIOHA=="],

    "semver": ["semver@7.8.5", "", { "bin": { "semver": "bin/semver.js" } }, "sha512-Y7/KDsb8LjooZpwaqGyulO6DQlksgCncchHGk+sZIY4SBvUocMBEFH5Ur1fI4dV+Jvl0w6cjvucaIi40puRioA=="],

    "signal-exit": ["signal-exit@4.1.0", "", {}, "sha512-bzyZ1e88w9O1iNJbKnOlvYTrWPDl46O1bG0D3XInv+9tkPrxrN8jUUTiFlDkkmKWgn1M6CfIA13SuGqOa9Korw=="],

    "simple-git-hooks": ["simple-git-hooks@2.14.0", "", { "bin": { "simple-git-hooks": "cli.js" } }, "sha512-kkTORPAuxQz2g1QUuN0J8yGWT28tjGBfPOdJ4xT7Vbeu30veKUZQIoID2qGgCDAakaQn59UeZJJ4cFGB8PVP2A=="],

    "slice-ansi": ["slice-ansi@9.0.1", "", { "dependencies": { "ansi-styles": "^6.2.3", "is-fullwidth-code-point": "^5.1.0" } }, "sha512-aBY19bn/XA+hKOKX0qL7Z0UfdBsbQvc9hn993U8ALUjzxCvDcuZqLoRXjGJrUARWAlwMnsRVD9sw2AFNOYvalA=="],

    "string-argv": ["string-argv@0.3.2", "", {}, "sha512-aqD2Q0144Z+/RqG52NeHEkZauTAUWJO8c6yTftGJKO3Tja5tUgIfmIl6kExvhtxSDP7fXB6DvzkfMpCd/F3G+Q=="],

    "string-width": ["string-width@8.2.0", "", { "dependencies": { "get-east-asian-width": "^1.5.0", "strip-ansi": "^7.1.2" } }, "sha512-6hJPQ8N0V0P3SNmP6h2J99RLuzrWz2gvT7VnK5tKvrNqJoyS9W4/Fb8mo31UiPvy00z7DQXkP2hnKBVav76thw=="],

    "strip-ansi": ["strip-ansi@7.2.0", "", { "dependencies": { "ansi-regex": "^6.2.2" } }, "sha512-yDPMNjp4WyfYBkHnjIRLfca1i6KMyGCtsVgoKe/z1+6vukgaENdgGBZt+ZmKPc4gavvEZ5OgHfHdrazhgNyG7w=="],

    "tinyexec": ["tinyexec@1.3.1", "", {}, "sha512-GCvB3aoys96IuDFBMcTB46JOR6mdMtAToqwiW8JlWhsoh1mhHi/xn9ss/Dg7N555GiJyEt2qzoG/NHCwM6h1EA=="],

    "typescript": ["typescript@7.0.2", "", { "optionalDependencies": { "@typescript/typescript-aix-ppc64": "7.0.2", "@typescript/typescript-darwin-arm64": "7.0.2", "@typescript/typescript-darwin-x64": "7.0.2", "@typescript/typescript-freebsd-arm64": "7.0.2", "@typescript/typescript-freebsd-x64": "7.0.2", "@typescript/typescript-linux-arm": "7.0.2", "@typescript/typescript-linux-arm64": "7.0.2", "@typescript/typescript-linux-loong64": "7.0.2", "@typescript/typescript-linux-mips64el": "7.0.2", "@typescript/typescript-linux-ppc64": "7.0.2", "@typescript/typescript-linux-riscv64": "7.0.2", "@typescript/typescript-linux-s390x": "7.0.2", "@typescript/typescript-linux-x64": "7.0.2", "@typescript/typescript-netbsd-arm64": "7.0.2", "@typescript/typescript-netbsd-x64": "7.0.2", "@typescript/typescript-openbsd-arm64": "7.0.2", "@typescript/typescript-openbsd-x64": "7.0.2", "@typescript/typescript-sunos-x64": "7.0.2", "@typescript/typescript-win32-arm64": "7.0.2", "@typescript/typescript-win32-x64": "7.0.2" }, "bin": { "tsc": "bin/tsc" } }, "sha512-8FYau96o3NKOhbjKi/qNvG/W5jhzxkbdm5sj9AbZ/5T5sWqn3hJgLfGx27sRKZWTvyzCP8dLRBTf5tBTSRVUNA=="],

    "undici-types": ["undici-types@6.21.0", "", {}, "sha512-iwDZqg0QAGrg9Rav5H4n0M64c3mkR59cJ6wQp+7C4nI0gsmExaedaYLNO44eT4AtBBwjbTiGPMlt2Md0T9H9JQ=="],

    "wrap-ansi": ["wrap-ansi@10.0.2", "", { "dependencies": { "ansi-styles": "^6.2.3", "string-width": "^8.2.0" } }, "sha512-6OLRNZqRntVGBm26ghZ5eZhCuWWyOkRCSn8XsOIuq5stpCE/tjLbdozd93naILZig0lmD8ANfRwnhn0DLeXGlg=="],

    "xmlbuilder": ["xmlbuilder@15.1.1", "", {}, "sha512-yMqGBqtXyeN1e3TGYvgNgDVZ3j84W4cwkOXQswghol6APgZWaff9lnbvN7MHYJOiXsvGPXtjTYJEiC9J2wv9Eg=="],

    "yaml": ["yaml@2.9.1", "", { "bin": { "yaml": "bin.mjs" } }, "sha512-3NxN8+78OdzbT7C/WjGsyfPAtJaN3FNDsWxv7Y7mcDsT/oOmgW8BpyQQFFBnvZE3j9Y2Sdz1ULFLezL7Eb2yFw=="],

    "is-fullwidth-code-point/get-east-asian-width": ["get-east-asian-width@1.4.0", "", {}, "sha512-QZjmEOC+IT1uk6Rx0sX22V6uHWVwbdbxf1faPqJ1QhLdGgsRGCZoyaQBm/piRdJy/D2um6hM1UP7ZEeQ4EkP+Q=="],

    "string-width/strip-ansi": ["strip-ansi@7.1.2", "", { "dependencies": { "ansi-regex": "^6.0.1" } }, "sha512-gmBGslpoQJtgnMAvOVqGZpEz9dyoKTCzy2nfz/n8aIFhN/jCE/rCmcxabB6jOOHV+0WNnylOxaxBQPSvcWklhA=="],
  }
}
